
Microsoft Visual Studio Solution File, Format Version 12.00
# Visual Studio Version 17
VisualStudioVersion = 17.4.33213.308
MinimumVisualStudioVersion = 10.0.40219.1
Project("{2150E333-8FDC-42A3-9474-1A3956D46DE8}") = "src", "src", "{3330B494-4138-4294-89F1-AAB927A7F0FB}"
EndProject
Project("{2150E333-8FDC-42A3-9474-1A3956D46DE8}") = "test", "test", "{35317D0E-DBB3-4E04-B60D-5B3843C4CB0C}"
EndProject
Project("{2150E333-8FDC-42A3-9474-1A3956D46DE8}") = "01.Domain", "01.Domain", "{96F051FD-EC2A-40B5-B991-43B41C1147BE}"
EndProject
Project("{2150E333-8FDC-42A3-9474-1A3956D46DE8}") = "02.Application", "02.Application", "{16548F92-B4B5-4D5A-B498-BFCBE6A621FE}"
EndProject
Project("{2150E333-8FDC-42A3-9474-1A3956D46DE8}") = "03.Infraestructure", "03.Infraestructure", "{23E04A73-E951-45FA-AF82-909426177982}"
EndProject
Project("{2150E333-8FDC-42A3-9474-1A3956D46DE8}") = "01.Domain", "01.Domain", "{02BACE41-7292-4147-9B9B-8EE325096C75}"
EndProject
Project("{2150E333-8FDC-42A3-9474-1A3956D46DE8}") = "02.Application", "02.Application", "{1C938506-739B-4D35-8BF1-C59239CB2EA2}"
EndProject
Project("{2150E333-8FDC-42A3-9474-1A3956D46DE8}") = "03.Infraestructure", "03.Infraestructure", "{89CD1047-1D5A-4EEB-9CF7-2052861BD906}"
EndProject
Project("{9A19103F-16F7-4668-BE54-9A1E7A4F7556}") = "PersonasMS.Domain", "PersonasMS.Domain\PersonasMS.Domain.csproj", "{5EA0F9F3-6903-489B-9E44-DD08100FA33D}"
EndProject
Project("{9A19103F-16F7-4668-BE54-9A1E7A4F7556}") = "PersonasMS.Application", "PersonasMS.Application\PersonasMS.Application.csproj", "{3ABE8CA3-1E46-412A-A7D3-9442FD362FC9}"
EndProject
Project("{9A19103F-16F7-4668-BE54-9A1E7A4F7556}") = "PersonasMS.Infraestructure.API", "PersonasMS.Infraestructure.API\PersonasMS.Infraestructure.API.csproj", "{6653DF0D-C263-43B2-86F6-EF0DE762F74B}"
EndProject
Project("{9A19103F-16F7-4668-BE54-9A1E7A4F7556}") = "PersonasMS.Infraestructure.Data", "PersonasMS.Infraestructure.Data\PersonasMS.Infraestructure.Data.csproj", "{FA9D4674-BE8A-47C9-B3A4-F0348810A3D6}"
EndProject
Global
	GlobalSection(SolutionConfigurationPlatforms) = preSolution
		Debug|Any CPU = Debug|Any CPU
		Release|Any CPU = Release|Any CPU
	EndGlobalSection
	GlobalSection(ProjectConfigurationPlatforms) = postSolution
		{5EA0F9F3-6903-489B-9E44-DD08100FA33D}.Debug|Any CPU.ActiveCfg = Debug|Any CPU
		{5EA0F9F3-6903-489B-9E44-DD08100FA33D}.Debug|Any CPU.Build.0 = Debug|Any CPU
		{5EA0F9F3-6903-489B-9E44-DD08100FA33D}.Release|Any CPU.ActiveCfg = Release|Any CPU
		{5EA0F9F3-6903-489B-9E44-DD08100FA33D}.Release|Any CPU.Build.0 = Release|Any CPU
		{3ABE8CA3-1E46-412A-A7D3-9442FD362FC9}.Debug|Any CPU.ActiveCfg = Debug|Any CPU
		{3ABE8CA3-1E46-412A-A7D3-9442FD362FC9}.Debug|Any CPU.Build.0 = Debug|Any CPU
		{3ABE8CA3-1E46-412A-A7D3-9442FD362FC9}.Release|Any CPU.ActiveCfg = Release|Any CPU
		{3ABE8CA3-1E46-412A-A7D3-9442FD362FC9}.Release|Any CPU.Build.0 = Release|Any CPU
		{6653DF0D-C263-43B2-86F6-EF0DE762F74B}.Debug|Any CPU.ActiveCfg = Debug|Any CPU
		{6653DF0D-C263-43B2-86F6-EF0DE762F74B}.Debug|Any CPU.Build.0 = Debug|Any CPU
		{6653DF0D-C263-43B2-86F6-EF0DE762F74B}.Release|Any CPU.ActiveCfg = Release|Any CPU
		{6653DF0D-C263-43B2-86F6-EF0DE762F74B}.Release|Any CPU.Build.0 = Release|Any CPU
		{FA9D4674-BE8A-47C9-B3A4-F0348810A3D6}.Debug|Any CPU.ActiveCfg = Debug|Any CPU
		{FA9D4674-BE8A-47C9-B3A4-F0348810A3D6}.Debug|Any CPU.Build.0 = Debug|Any CPU
		{FA9D4674-BE8A-47C9-B3A4-F0348810A3D6}.Release|Any CPU.ActiveCfg = Release|Any CPU
		{FA9D4674-BE8A-47C9-B3A4-F0348810A3D6}.Release|Any CPU.Build.0 = Release|Any CPU
	EndGlobalSection
	GlobalSection(SolutionProperties) = preSolution
		HideSolutionNode = FALSE
	EndGlobalSection
	GlobalSection(NestedProjects) = preSolution
		{96F051FD-EC2A-40B5-B991-43B41C1147BE} = {3330B494-4138-4294-89F1-AAB927A7F0FB}
		{16548F92-B4B5-4D5A-B498-BFCBE6A621FE} = {3330B494-4138-4294-89F1-AAB927A7F0FB}
		{23E04A73-E951-45FA-AF82-909426177982} = {3330B494-4138-4294-89F1-AAB927A7F0FB}
		{02BACE41-7292-4147-9B9B-8EE325096C75} = {35317D0E-DBB3-4E04-B60D-5B3843C4CB0C}
		{1C938506-739B-4D35-8BF1-C59239CB2EA2} = {35317D0E-DBB3-4E04-B60D-5B3843C4CB0C}
		{89CD1047-1D5A-4EEB-9CF7-2052861BD906} = {35317D0E-DBB3-4E04-B60D-5B3843C4CB0C}
		{5EA0F9F3-6903-489B-9E44-DD08100FA33D} = {96F051FD-EC2A-40B5-B991-43B41C1147BE}
		{3ABE8CA3-1E46-412A-A7D3-9442FD362FC9} = {16548F92-B4B5-4D5A-B498-BFCBE6A621FE}
		{6653DF0D-C263-43B2-86F6-EF0DE762F74B} = {23E04A73-E951-45FA-AF82-909426177982}
		{FA9D4674-BE8A-47C9-B3A4-F0348810A3D6} = {23E04A73-E951-45FA-AF82-909426177982}
	EndGlobalSection
	GlobalSection(ExtensibilityGlobals) = postSolution
		SolutionGuid = {B9C32810-4A36-48AE-AF5E-2768C72A7747}
	EndGlobalSection
EndGlobal
